// !$*UTF8*$!
{
	archiveVersion = 1;
	classes = {
	};
	objectVersion = 46;
	objects = {

/* Begin PBXBuildFile section */
		4A0CA9EF153630AC00F04266 /* radar.png in Resources */ = {isa = PBXBuildFile; fileRef = 4A0CA9EE153630AB00F04266 /* radar.png */; };
		4A13ADD7152CDF660054447D /* MapKit.framework in Frameworks */ = {isa = PBXBuildFile; fileRef = 4A13ADD6152CDF660054447D /* MapKit.framework */; };
		4A13ADDA152CE3040054447D /* pinQ.png in Resources */ = {isa = PBXBuildFile; fileRef = 4A13ADD9152CE3040054447D /* pinQ.png */; };
		4A13ADE5152CE9870054447D /* iCarousel.m in Sources */ = {isa = PBXBuildFile; fileRef = 4A13ADE4152CE9860054447D /* iCarousel.m */; };
		4A13ADE7152CE9A90054447D /* QuartzCore.framework in Frameworks */ = {isa = PBXBuildFile; fileRef = 4A13ADE6152CE9A90054447D /* QuartzCore.framework */; };
		4A16CDB61529FAAC00DC0D68 /* UIKit.framework in Frameworks */ = {isa = PBXBuildFile; fileRef = 4A16CDB51529FAAC00DC0D68 /* UIKit.framework */; };
		4A16CDB81529FAAC00DC0D68 /* Foundation.framework in Frameworks */ = {isa = PBXBuildFile; fileRef = 4A16CDB71529FAAC00DC0D68 /* Foundation.framework */; };
		4A16CDBA1529FAAC00DC0D68 /* CoreGraphics.framework in Frameworks */ = {isa = PBXBuildFile; fileRef = 4A16CDB91529FAAC00DC0D68 /* CoreGraphics.framework */; };
		4A16CDC01529FAAC00DC0D68 /* InfoPlist.strings in Resources */ = {isa = PBXBuildFile; fileRef = 4A16CDBE1529FAAC00DC0D68 /* InfoPlist.strings */; };
		4A16CDC21529FAAC00DC0D68 /* main.m in Sources */ = {isa = PBXBuildFile; fileRef = 4A16CDC11529FAAC00DC0D68 /* main.m */; };
		4A16CDC61529FAAC00DC0D68 /* AppDelegate.m in Sources */ = {isa = PBXBuildFile; fileRef = 4A16CDC51529FAAC00DC0D68 /* AppDelegate.m */; };
		4A16CDC91529FAAC00DC0D68 /* ViewController.m in Sources */ = {isa = PBXBuildFile; fileRef = 4A16CDC81529FAAC00DC0D68 /* ViewController.m */; };
		4A16CDCC1529FAAD00DC0D68 /* ViewController_iPhone.xib in Resources */ = {isa = PBXBuildFile; fileRef = 4A16CDCA1529FAAD00DC0D68 /* ViewController_iPhone.xib */; };
		4A16CDCF1529FAAD00DC0D68 /* ViewController_iPad.xib in Resources */ = {isa = PBXBuildFile; fileRef = 4A16CDCD1529FAAD00DC0D68 /* ViewController_iPad.xib */; };
		4A16CDD71529FAAD00DC0D68 /* SenTestingKit.framework in Frameworks */ = {isa = PBXBuildFile; fileRef = 4A16CDD61529FAAD00DC0D68 /* SenTestingKit.framework */; };
		4A16CDD81529FAAD00DC0D68 /* UIKit.framework in Frameworks */ = {isa = PBXBuildFile; fileRef = 4A16CDB51529FAAC00DC0D68 /* UIKit.framework */; };
		4A16CDD91529FAAD00DC0D68 /* Foundation.framework in Frameworks */ = {isa = PBXBuildFile; fileRef = 4A16CDB71529FAAC00DC0D68 /* Foundation.framework */; };
		4A16CDE11529FAAD00DC0D68 /* InfoPlist.strings in Resources */ = {isa = PBXBuildFile; fileRef = 4A16CDDF1529FAAD00DC0D68 /* InfoPlist.strings */; };
		4A16CDE41529FAAD00DC0D68 /* QuickLearningTests.m in Sources */ = {isa = PBXBuildFile; fileRef = 4A16CDE31529FAAD00DC0D68 /* QuickLearningTests.m */; };
		4A16CDEF152A30F100DC0D68 /* logoql.png in Resources */ = {isa = PBXBuildFile; fileRef = 4A16CDEE152A30F100DC0D68 /* logoql.png */; };
		4A16CDF9152A35C300DC0D68 /* LoginiPhoneViewController.m in Sources */ = {isa = PBXBuildFile; fileRef = 4A16CDF7152A35C300DC0D68 /* LoginiPhoneViewController.m */; };
		4A16CDFA152A35C300DC0D68 /* LoginiPhoneViewController.xib in Resources */ = {isa = PBXBuildFile; fileRef = 4A16CDF8152A35C300DC0D68 /* LoginiPhoneViewController.xib */; };
		4A16CE02152A36F400DC0D68 /* LoginiPadViewController.m in Sources */ = {isa = PBXBuildFile; fileRef = 4A16CE00152A36F400DC0D68 /* LoginiPadViewController.m */; };
		4A16CE03152A36F400DC0D68 /* LoginiPadViewController.xib in Resources */ = {isa = PBXBuildFile; fileRef = 4A16CE01152A36F400DC0D68 /* LoginiPadViewController.xib */; };
		4A16CE0C152A4CCB00DC0D68 /* HomeiPhoneViewController.m in Sources */ = {isa = PBXBuildFile; fileRef = 4A16CE0A152A4CCA00DC0D68 /* HomeiPhoneViewController.m */; };
		4A16CE0D152A4CCB00DC0D68 /* HomeiPhoneViewController.xib in Resources */ = {isa = PBXBuildFile; fileRef = 4A16CE0B152A4CCA00DC0D68 /* HomeiPhoneViewController.xib */; };
		4A16CE1D152A541F00DC0D68 /* ColoriPhoneViewController.m in Sources */ = {isa = PBXBuildFile; fileRef = 4A16CE1B152A541E00DC0D68 /* ColoriPhoneViewController.m */; };
		4A16CE1E152A541F00DC0D68 /* ColoriPhoneViewController.xib in Resources */ = {isa = PBXBuildFile; fileRef = 4A16CE1C152A541F00DC0D68 /* ColoriPhoneViewController.xib */; };
		4A16CE27152A544800DC0D68 /* MainiPhoneViewController.m in Sources */ = {isa = PBXBuildFile; fileRef = 4A16CE25152A544700DC0D68 /* MainiPhoneViewController.m */; };
		4A16CE28152A544800DC0D68 /* MainiPhoneViewController.xib in Resources */ = {isa = PBXBuildFile; fileRef = 4A16CE26152A544800DC0D68 /* MainiPhoneViewController.xib */; };
		4A16CE2C152A546100DC0D68 /* SchoolsiPhoneViewController.m in Sources */ = {isa = PBXBuildFile; fileRef = 4A16CE2A152A546000DC0D68 /* SchoolsiPhoneViewController.m */; };
		4A16CE2D152A546100DC0D68 /* SchoolsiPhoneViewController.xib in Resources */ = {isa = PBXBuildFile; fileRef = 4A16CE2B152A546000DC0D68 /* SchoolsiPhoneViewController.xib */; };
		4A16CE2F152AABF800DC0D68 /* logoqlnav.png in Resources */ = {isa = PBXBuildFile; fileRef = 4A16CE2E152AABF800DC0D68 /* logoqlnav.png */; };
		4A16CE38152AB8F400DC0D68 /* MyCourseiPhoneViewController.m in Sources */ = {isa = PBXBuildFile; fileRef = 4A16CE36152AB8F300DC0D68 /* MyCourseiPhoneViewController.m */; };
		4A16CE39152AB8F400DC0D68 /* MyCourseiPhoneViewController.xib in Resources */ = {isa = PBXBuildFile; fileRef = 4A16CE37152AB8F400DC0D68 /* MyCourseiPhoneViewController.xib */; };
		4A16CE42152B7F4200DC0D68 /* ParentMyCourseiPhoneViewController.m in Sources */ = {isa = PBXBuildFile; fileRef = 4A16CE40152B7F4000DC0D68 /* ParentMyCourseiPhoneViewController.m */; };
		4A16CE43152B7F4200DC0D68 /* ParentMyCourseiPhoneViewController.xib in Resources */ = {isa = PBXBuildFile; fileRef = 4A16CE41152B7F4100DC0D68 /* ParentMyCourseiPhoneViewController.xib */; };
		4A16CE47152B7F5E00DC0D68 /* ParentSchoolsiPhoneViewController.m in Sources */ = {isa = PBXBuildFile; fileRef = 4A16CE45152B7F5E00DC0D68 /* ParentSchoolsiPhoneViewController.m */; };
		4A16CE48152B7F5E00DC0D68 /* ParentSchoolsiPhoneViewController.xib in Resources */ = {isa = PBXBuildFile; fileRef = 4A16CE46152B7F5E00DC0D68 /* ParentSchoolsiPhoneViewController.xib */; };
		4A16CE4C152B7F8400DC0D68 /* ParentMainiPhoneViewController.m in Sources */ = {isa = PBXBuildFile; fileRef = 4A16CE4A152B7F8400DC0D68 /* ParentMainiPhoneViewController.m */; };
		4A16CE4D152B7F8400DC0D68 /* ParentMainiPhoneViewController.xib in Resources */ = {isa = PBXBuildFile; fileRef = 4A16CE4B152B7F8400DC0D68 /* ParentMainiPhoneViewController.xib */; };
		4A16CE51152B7F9500DC0D68 /* ParentColoriPhoneViewController.m in Sources */ = {isa = PBXBuildFile; fileRef = 4A16CE4F152B7F9500DC0D68 /* ParentColoriPhoneViewController.m */; };
		4A16CE52152B7F9500DC0D68 /* ParentColoriPhoneViewController.xib in Resources */ = {isa = PBXBuildFile; fileRef = 4A16CE50152B7F9500DC0D68 /* ParentColoriPhoneViewController.xib */; };
		4A196080152F7BA9009C5137 /* MyCourseCellViewController.m in Sources */ = {isa = PBXBuildFile; fileRef = 4A19607E152F7BA9009C5137 /* MyCourseCellViewController.m */; };
		4A196081152F7BA9009C5137 /* MyCourseCellViewController.xib in Resources */ = {isa = PBXBuildFile; fileRef = 4A19607F152F7BA9009C5137 /* MyCourseCellViewController.xib */; };
		4A196086152F91BB009C5137 /* MyCourseContentViewController.m in Sources */ = {isa = PBXBuildFile; fileRef = 4A196084152F91BA009C5137 /* MyCourseContentViewController.m */; };
		4A196087152F91BB009C5137 /* MyCourseContentViewController.xib in Resources */ = {isa = PBXBuildFile; fileRef = 4A196085152F91BA009C5137 /* MyCourseContentViewController.xib */; };
		4A19608B152FAF8E009C5137 /* MyCourseContent1ViewController.m in Sources */ = {isa = PBXBuildFile; fileRef = 4A196089152FAF8E009C5137 /* MyCourseContent1ViewController.m */; };
		4A19608C152FAF8E009C5137 /* MyCourseContent1ViewController.xib in Resources */ = {isa = PBXBuildFile; fileRef = 4A19608A152FAF8E009C5137 /* MyCourseContent1ViewController.xib */; };
		4A196090152FAFBA009C5137 /* MyCourseContent2ViewController.m in Sources */ = {isa = PBXBuildFile; fileRef = 4A19608E152FAFB8009C5137 /* MyCourseContent2ViewController.m */; };
		4A196091152FAFBA009C5137 /* MyCourseContent2ViewController.xib in Resources */ = {isa = PBXBuildFile; fileRef = 4A19608F152FAFB9009C5137 /* MyCourseContent2ViewController.xib */; };
		4A196093152FB123009C5137 /* camara.jpg in Resources */ = {isa = PBXBuildFile; fileRef = 4A196092152FB123009C5137 /* camara.jpg */; };
		4A883C4C1534A58A004BBAF7 /* MyCourseHisLisViewController.m in Sources */ = {isa = PBXBuildFile; fileRef = 4A883C4A1534A589004BBAF7 /* MyCourseHisLisViewController.m */; };
		4A883C4D1534A58A004BBAF7 /* MyCourseHisLisViewController.xib in Resources */ = {isa = PBXBuildFile; fileRef = 4A883C4B1534A58A004BBAF7 /* MyCourseHisLisViewController.xib */; };
		4A883C521534A5A2004BBAF7 /* MyCourseHisGrafViewController.m in Sources */ = {isa = PBXBuildFile; fileRef = 4A883C501534A5A0004BBAF7 /* MyCourseHisGrafViewController.m */; };
		4A883C531534A5A2004BBAF7 /* MyCourseHisGrafViewController.xib in Resources */ = {isa = PBXBuildFile; fileRef = 4A883C511534A5A1004BBAF7 /* MyCourseHisGrafViewController.xib */; };
		4A883C551534A618004BBAF7 /* grafica.jpeg in Resources */ = {isa = PBXBuildFile; fileRef = 4A883C541534A618004BBAF7 /* grafica.jpeg */; };
		4A883C571534E13E004BBAF7 /* QLS009.jpg in Resources */ = {isa = PBXBuildFile; fileRef = 4A883C561534E13E004BBAF7 /* QLS009.jpg */; };
		4AA536E2152CFE81007933A1 /* page.png in Resources */ = {isa = PBXBuildFile; fileRef = 4AA536E1152CFE81007933A1 /* page.png */; };
		4AA536EA152D011D007933A1 /* phone-icon.png in Resources */ = {isa = PBXBuildFile; fileRef = 4AA536E8152D011C007933A1 /* phone-icon.png */; };
		4AA536EB152D011D007933A1 /* comp-icon.png in Resources */ = {isa = PBXBuildFile; fileRef = 4AA536E9152D011C007933A1 /* comp-icon.png */; };
		4AA536F4152D03C7007933A1 /* QLS006.jpg in Resources */ = {isa = PBXBuildFile; fileRef = 4AA536EC152D03C5007933A1 /* QLS006.jpg */; };
		4AA536F5152D03C7007933A1 /* QLS004.jpg in Resources */ = {isa = PBXBuildFile; fileRef = 4AA536ED152D03C5007933A1 /* QLS004.jpg */; };
		4AA536F6152D03C7007933A1 /* QLS008.jpg in Resources */ = {isa = PBXBuildFile; fileRef = 4AA536EE152D03C5007933A1 /* QLS008.jpg */; };
		4AA536F7152D03C7007933A1 /* QLS003.jpg in Resources */ = {isa = PBXBuildFile; fileRef = 4AA536EF152D03C5007933A1 /* QLS003.jpg */; };
		4AA536F8152D03C7007933A1 /* QLS007.jpg in Resources */ = {isa = PBXBuildFile; fileRef = 4AA536F0152D03C6007933A1 /* QLS007.jpg */; };
		4AA536F9152D03C7007933A1 /* QLS002.jpg in Resources */ = {isa = PBXBuildFile; fileRef = 4AA536F1152D03C6007933A1 /* QLS002.jpg */; };
		4AA536FA152D03C7007933A1 /* QLS005.jpg in Resources */ = {isa = PBXBuildFile; fileRef = 4AA536F2152D03C6007933A1 /* QLS005.jpg */; };
		4AA536FB152D03C7007933A1 /* QLS001.jpg in Resources */ = {isa = PBXBuildFile; fileRef = 4AA536F3152D03C6007933A1 /* QLS001.jpg */; };
		4ACA529F15361A9100930428 /* ProfileViewController.m in Sources */ = {isa = PBXBuildFile; fileRef = 4ACA529D15361A9100930428 /* ProfileViewController.m */; };
		4ACA52A015361A9100930428 /* ProfileViewController.xib in Resources */ = {isa = PBXBuildFile; fileRef = 4ACA529E15361A9100930428 /* ProfileViewController.xib */; };
		4ACA52A315361E0000930428 /* Rostro.jpg in Resources */ = {isa = PBXBuildFile; fileRef = 4ACA52A215361E0000930428 /* Rostro.jpg */; };
		4ACA52A81536225500930428 /* PagosiPhoneViewController.m in Sources */ = {isa = PBXBuildFile; fileRef = 4ACA52A61536225500930428 /* PagosiPhoneViewController.m */; };
		4ACA52A91536225500930428 /* PagosiPhoneViewController.xib in Resources */ = {isa = PBXBuildFile; fileRef = 4ACA52A71536225500930428 /* PagosiPhoneViewController.xib */; };
		4AEEB852152BBDF800FD51F1 /* QuickLearningService.m in Sources */ = {isa = PBXBuildFile; fileRef = 4AEEB851152BBDF800FD51F1 /* QuickLearningService.m */; };
		4AEEB854152BBFDD00FD51F1 /* analisis in Resources */ = {isa = PBXBuildFile; fileRef = 4AEEB853152BBFDD00FD51F1 /* analisis */; };
		4AEEB85E152CB4B600FD51F1 /* AudioToolbox.framework in Frameworks */ = {isa = PBXBuildFile; fileRef = 4AEEB85D152CB4B500FD51F1 /* AudioToolbox.framework */; };
		4AEEB865152CB89700FD51F1 /* AVFoundation.framework in Frameworks */ = {isa = PBXBuildFile; fileRef = 4AEEB864152CB89700FD51F1 /* AVFoundation.framework */; };
		4AEEB867152CB8B100FD51F1 /* MediaPlayer.framework in Frameworks */ = {isa = PBXBuildFile; fileRef = 4AEEB866152CB8B000FD51F1 /* MediaPlayer.framework */; };
		4AEEB869152CBA2A00FD51F1 /* sound.caf in Resources */ = {isa = PBXBuildFile; fileRef = 4AEEB868152CBA2A00FD51F1 /* sound.caf */; };
		4AEEB86B152CBC0900FD51F1 /* bocina.png in Resources */ = {isa = PBXBuildFile; fileRef = 4AEEB86A152CBC0900FD51F1 /* bocina.png */; };
		4AEEB873152CC20000FD51F1 /* SchoolPinAnotation.m in Sources */ = {isa = PBXBuildFile; fileRef = 4AEEB872152CC20000FD51F1 /* SchoolPinAnotation.m */; };
/* End PBXBuildFile section */

/* Begin PBXContainerItemProxy section */
		4A16CDDA1529FAAD00DC0D68 /* PBXContainerItemProxy */ = {
			isa = PBXContainerItemProxy;
			containerPortal = 4A16CDA81529FAAC00DC0D68 /* Project object */;
			proxyType = 1;
			remoteGlobalIDString = 4A16CDB01529FAAC00DC0D68;
			remoteInfo = QuickLearning;
		};
/* End PBXContainerItemProxy section */

/* Begin PBXFileReference section */
		4A0CA9EE153630AB00F04266 /* radar.png */ = {isa = PBXFileReference; lastKnownFileType = image.png; path = radar.png; sourceTree = "<group>"; };
		4A13ADD6152CDF660054447D /* MapKit.framework */ = {isa = PBXFileReference; lastKnownFileType = wrapper.framework; name = MapKit.framework; path = System/Library/Frameworks/MapKit.framework; sourceTree = SDKROOT; };
		4A13ADD9152CE3040054447D /* pinQ.png */ = {isa = PBXFileReference; lastKnownFileType = image.png; path = pinQ.png; sourceTree = "<group>"; };
		4A13ADE3152CE9860054447D /* iCarousel.h */ = {isa = PBXFileReference; fileEncoding = 4; lastKnownFileType = sourcecode.c.h; name = iCarousel.h; path = ../iCarousel.h; sourceTree = "<group>"; };
		4A13ADE4152CE9860054447D /* iCarousel.m */ = {isa = PBXFileReference; fileEncoding = 4; lastKnownFileType = sourcecode.c.objc; name = iCarousel.m; path = ../iCarousel.m; sourceTree = "<group>"; };
		4A13ADE6152CE9A90054447D /* QuartzCore.framework */ = {isa = PBXFileReference; lastKnownFileType = wrapper.framework; name = QuartzCore.framework; path = System/Library/Frameworks/QuartzCore.framework; sourceTree = SDKROOT; };
		4A16CDB11529FAAC00DC0D68 /* QuickLearning.app */ = {isa = PBXFileReference; explicitFileType = wrapper.application; includeInIndex = 0; path = QuickLearning.app; sourceTree = BUILT_PRODUCTS_DIR; };
		4A16CDB51529FAAC00DC0D68 /* UIKit.framework */ = {isa = PBXFileReference; lastKnownFileType = wrapper.framework; name = UIKit.framework; path = System/Library/Frameworks/UIKit.framework; sourceTree = SDKROOT; };
		4A16CDB71529FAAC00DC0D68 /* Foundation.framework */ = {isa = PBXFileReference; lastKnownFileType = wrapper.framework; name = Foundation.framework; path = System/Library/Frameworks/Foundation.framework; sourceTree = SDKROOT; };
		4A16CDB91529FAAC00DC0D68 /* CoreGraphics.framework */ = {isa = PBXFileReference; lastKnownFileType = wrapper.framework; name = CoreGraphics.framework; path = System/Library/Frameworks/CoreGraphics.framework; sourceTree = SDKROOT; };
		4A16CDBD1529FAAC00DC0D68 /* QuickLearning-Info.plist */ = {isa = PBXFileReference; lastKnownFileType = text.plist.xml; path = "QuickLearning-Info.plist"; sourceTree = "<group>"; };
		4A16CDBF1529FAAC00DC0D68 /* en */ = {isa = PBXFileReference; lastKnownFileType = text.plist.strings; name = en; path = en.lproj/InfoPlist.strings; sourceTree = "<group>"; };
		4A16CDC11529FAAC00DC0D68 /* main.m */ = {isa = PBXFileReference; lastKnownFileType = sourcecode.c.objc; path = main.m; sourceTree = "<group>"; };
		4A16CDC31529FAAC00DC0D68 /* QuickLearning-Prefix.pch */ = {isa = PBXFileReference; lastKnownFileType = sourcecode.c.h; path = "QuickLearning-Prefix.pch"; sourceTree = "<group>"; };
		4A16CDC41529FAAC00DC0D68 /* AppDelegate.h */ = {isa = PBXFileReference; lastKnownFileType = sourcecode.c.h; path = AppDelegate.h; sourceTree = "<group>"; };
		4A16CDC51529FAAC00DC0D68 /* AppDelegate.m */ = {isa = PBXFileReference; lastKnownFileType = sourcecode.c.objc; path = AppDelegate.m; sourceTree = "<group>"; };
		4A16CDC71529FAAC00DC0D68 /* ViewController.h */ = {isa = PBXFileReference; lastKnownFileType = sourcecode.c.h; path = ViewController.h; sourceTree = "<group>"; };
		4A16CDC81529FAAC00DC0D68 /* ViewController.m */ = {isa = PBXFileReference; lastKnownFileType = sourcecode.c.objc; path = ViewController.m; sourceTree = "<group>"; };
		4A16CDCB1529FAAD00DC0D68 /* en */ = {isa = PBXFileReference; lastKnownFileType = file.xib; name = en; path = en.lproj/ViewController_iPhone.xib; sourceTree = "<group>"; };
		4A16CDCE1529FAAD00DC0D68 /* en */ = {isa = PBXFileReference; lastKnownFileType = file.xib; name = en; path = en.lproj/ViewController_iPad.xib; sourceTree = "<group>"; };
		4A16CDD51529FAAD00DC0D68 /* QuickLearningTests.octest */ = {isa = PBXFileReference; explicitFileType = wrapper.cfbundle; includeInIndex = 0; path = QuickLearningTests.octest; sourceTree = BUILT_PRODUCTS_DIR; };
		4A16CDD61529FAAD00DC0D68 /* SenTestingKit.framework */ = {isa = PBXFileReference; lastKnownFileType = wrapper.framework; name = SenTestingKit.framework; path = Library/Frameworks/SenTestingKit.framework; sourceTree = DEVELOPER_DIR; };
		4A16CDDE1529FAAD00DC0D68 /* QuickLearningTests-Info.plist */ = {isa = PBXFileReference; lastKnownFileType = text.plist.xml; path = "QuickLearningTests-Info.plist"; sourceTree = "<group>"; };
		4A16CDE01529FAAD00DC0D68 /* en */ = {isa = PBXFileReference; lastKnownFileType = text.plist.strings; name = en; path = en.lproj/InfoPlist.strings; sourceTree = "<group>"; };
		4A16CDE21529FAAD00DC0D68 /* QuickLearningTests.h */ = {isa = PBXFileReference; lastKnownFileType = sourcecode.c.h; path = QuickLearningTests.h; sourceTree = "<group>"; };
		4A16CDE31529FAAD00DC0D68 /* QuickLearningTests.m */ = {isa = PBXFileReference; lastKnownFileType = sourcecode.c.objc; path = QuickLearningTests.m; sourceTree = "<group>"; };
		4A16CDEE152A30F100DC0D68 /* logoql.png */ = {isa = PBXFileReference; lastKnownFileType = image.png; path = logoql.png; sourceTree = "<group>"; };
		4A16CDF6152A35C300DC0D68 /* LoginiPhoneViewController.h */ = {isa = PBXFileReference; fileEncoding = 4; lastKnownFileType = sourcecode.c.h; path = LoginiPhoneViewController.h; sourceTree = "<group>"; };
		4A16CDF7152A35C300DC0D68 /* LoginiPhoneViewController.m */ = {isa = PBXFileReference; fileEncoding = 4; lastKnownFileType = sourcecode.c.objc; path = LoginiPhoneViewController.m; sourceTree = "<group>"; };
		4A16CDF8152A35C300DC0D68 /* LoginiPhoneViewController.xib */ = {isa = PBXFileReference; fileEncoding = 4; lastKnownFileType = file.xib; path = LoginiPhoneViewController.xib; sourceTree = "<group>"; };
		4A16CDFF152A36F400DC0D68 /* LoginiPadViewController.h */ = {isa = PBXFileReference; fileEncoding = 4; lastKnownFileType = sourcecode.c.h; path = LoginiPadViewController.h; sourceTree = "<group>"; };
		4A16CE00152A36F400DC0D68 /* LoginiPadViewController.m */ = {isa = PBXFileReference; fileEncoding = 4; lastKnownFileType = sourcecode.c.objc; path = LoginiPadViewController.m; sourceTree = "<group>"; };
		4A16CE01152A36F400DC0D68 /* LoginiPadViewController.xib */ = {isa = PBXFileReference; fileEncoding = 4; lastKnownFileType = file.xib; path = LoginiPadViewController.xib; sourceTree = "<group>"; };
		4A16CE09152A4CCA00DC0D68 /* HomeiPhoneViewController.h */ = {isa = PBXFileReference; fileEncoding = 4; lastKnownFileType = sourcecode.c.h; path = HomeiPhoneViewController.h; sourceTree = "<group>"; };
		4A16CE0A152A4CCA00DC0D68 /* HomeiPhoneViewController.m */ = {isa = PBXFileReference; fileEncoding = 4; lastKnownFileType = sourcecode.c.objc; path = HomeiPhoneViewController.m; sourceTree = "<group>"; };
		4A16CE0B152A4CCA00DC0D68 /* HomeiPhoneViewController.xib */ = {isa = PBXFileReference; fileEncoding = 4; lastKnownFileType = file.xib; path = HomeiPhoneViewController.xib; sourceTree = "<group>"; };
		4A16CE1A152A541E00DC0D68 /* ColoriPhoneViewController.h */ = {isa = PBXFileReference; fileEncoding = 4; lastKnownFileType = sourcecode.c.h; path = ColoriPhoneViewController.h; sourceTree = "<group>"; };
		4A16CE1B152A541E00DC0D68 /* ColoriPhoneViewController.m */ = {isa = PBXFileReference; fileEncoding = 4; lastKnownFileType = sourcecode.c.objc; path = ColoriPhoneViewController.m; sourceTree = "<group>"; };
		4A16CE1C152A541F00DC0D68 /* ColoriPhoneViewController.xib */ = {isa = PBXFileReference; fileEncoding = 4; lastKnownFileType = file.xib; path = ColoriPhoneViewController.xib; sourceTree = "<group>"; };
		4A16CE24152A544600DC0D68 /* MainiPhoneViewController.h */ = {isa = PBXFileReference; fileEncoding = 4; lastKnownFileType = sourcecode.c.h; path = MainiPhoneViewController.h; sourceTree = "<group>"; };
		4A16CE25152A544700DC0D68 /* MainiPhoneViewController.m */ = {isa = PBXFileReference; fileEncoding = 4; lastKnownFileType = sourcecode.c.objc; path = MainiPhoneViewController.m; sourceTree = "<group>"; };
		4A16CE26152A544800DC0D68 /* MainiPhoneViewController.xib */ = {isa = PBXFileReference; fileEncoding = 4; lastKnownFileType = file.xib; path = MainiPhoneViewController.xib; sourceTree = "<group>"; };
		4A16CE29152A546000DC0D68 /* SchoolsiPhoneViewController.h */ = {isa = PBXFileReference; fileEncoding = 4; lastKnownFileType = sourcecode.c.h; path = SchoolsiPhoneViewController.h; sourceTree = "<group>"; };
		4A16CE2A152A546000DC0D68 /* SchoolsiPhoneViewController.m */ = {isa = PBXFileReference; fileEncoding = 4; lastKnownFileType = sourcecode.c.objc; path = SchoolsiPhoneViewController.m; sourceTree = "<group>"; };
		4A16CE2B152A546000DC0D68 /* SchoolsiPhoneViewController.xib */ = {isa = PBXFileReference; fileEncoding = 4; lastKnownFileType = file.xib; path = SchoolsiPhoneViewController.xib; sourceTree = "<group>"; };
		4A16CE2E152AABF800DC0D68 /* logoqlnav.png */ = {isa = PBXFileReference; lastKnownFileType = image.png; path = logoqlnav.png; sourceTree = "<group>"; };
		4A16CE35152AB8F300DC0D68 /* MyCourseiPhoneViewController.h */ = {isa = PBXFileReference; fileEncoding = 4; lastKnownFileType = sourcecode.c.h; path = MyCourseiPhoneViewController.h; sourceTree = "<group>"; };
		4A16CE36152AB8F300DC0D68 /* MyCourseiPhoneViewController.m */ = {isa = PBXFileReference; fileEncoding = 4; lastKnownFileType = sourcecode.c.objc; path = MyCourseiPhoneViewController.m; sourceTree = "<group>"; };
		4A16CE37152AB8F400DC0D68 /* MyCourseiPhoneViewController.xib */ = {isa = PBXFileReference; fileEncoding = 4; lastKnownFileType = file.xib; path = MyCourseiPhoneViewController.xib; sourceTree = "<group>"; };
		4A16CE3F152B7F4000DC0D68 /* ParentMyCourseiPhoneViewController.h */ = {isa = PBXFileReference; fileEncoding = 4; lastKnownFileType = sourcecode.c.h; path = ParentMyCourseiPhoneViewController.h; sourceTree = "<group>"; };
		4A16CE40152B7F4000DC0D68 /* ParentMyCourseiPhoneViewController.m */ = {isa = PBXFileReference; fileEncoding = 4; lastKnownFileType = sourcecode.c.objc; path = ParentMyCourseiPhoneViewController.m; sourceTree = "<group>"; };
		4A16CE41152B7F4100DC0D68 /* ParentMyCourseiPhoneViewController.xib */ = {isa = PBXFileReference; fileEncoding = 4; lastKnownFileType = file.xib; path = ParentMyCourseiPhoneViewController.xib; sourceTree = "<group>"; };
		4A16CE44152B7F5E00DC0D68 /* ParentSchoolsiPhoneViewController.h */ = {isa = PBXFileReference; fileEncoding = 4; lastKnownFileType = sourcecode.c.h; path = ParentSchoolsiPhoneViewController.h; sourceTree = "<group>"; };
		4A16CE45152B7F5E00DC0D68 /* ParentSchoolsiPhoneViewController.m */ = {isa = PBXFileReference; fileEncoding = 4; lastKnownFileType = sourcecode.c.objc; path = ParentSchoolsiPhoneViewController.m; sourceTree = "<group>"; };
		4A16CE46152B7F5E00DC0D68 /* ParentSchoolsiPhoneViewController.xib */ = {isa = PBXFileReference; fileEncoding = 4; lastKnownFileType = file.xib; path = ParentSchoolsiPhoneViewController.xib; sourceTree = "<group>"; };
		4A16CE49152B7F8400DC0D68 /* ParentMainiPhoneViewController.h */ = {isa = PBXFileReference; fileEncoding = 4; lastKnownFileType = sourcecode.c.h; path = ParentMainiPhoneViewController.h; sourceTree = "<group>"; };
		4A16CE4A152B7F8400DC0D68 /* ParentMainiPhoneViewController.m */ = {isa = PBXFileReference; fileEncoding = 4; lastKnownFileType = sourcecode.c.objc; path = ParentMainiPhoneViewController.m; sourceTree = "<group>"; };
		4A16CE4B152B7F8400DC0D68 /* ParentMainiPhoneViewController.xib */ = {isa = PBXFileReference; fileEncoding = 4; lastKnownFileType = file.xib; path = ParentMainiPhoneViewController.xib; sourceTree = "<group>"; };
		4A16CE4E152B7F9400DC0D68 /* ParentColoriPhoneViewController.h */ = {isa = PBXFileReference; fileEncoding = 4; lastKnownFileType = sourcecode.c.h; path = ParentColoriPhoneViewController.h; sourceTree = "<group>"; };
		4A16CE4F152B7F9500DC0D68 /* ParentColoriPhoneViewController.m */ = {isa = PBXFileReference; fileEncoding = 4; lastKnownFileType = sourcecode.c.objc; path = ParentColoriPhoneViewController.m; sourceTree = "<group>"; };
		4A16CE50152B7F9500DC0D68 /* ParentColoriPhoneViewController.xib */ = {isa = PBXFileReference; fileEncoding = 4; lastKnownFileType = file.xib; path = ParentColoriPhoneViewController.xib; sourceTree = "<group>"; };
		4A19607D152F7BA9009C5137 /* MyCourseCellViewController.h */ = {isa = PBXFileReference; fileEncoding = 4; lastKnownFileType = sourcecode.c.h; path = MyCourseCellViewController.h; sourceTree = "<group>"; };
		4A19607E152F7BA9009C5137 /* MyCourseCellViewController.m */ = {isa = PBXFileReference; fileEncoding = 4; lastKnownFileType = sourcecode.c.objc; path = MyCourseCellViewController.m; sourceTree = "<group>"; };
		4A19607F152F7BA9009C5137 /* MyCourseCellViewController.xib */ = {isa = PBXFileReference; fileEncoding = 4; lastKnownFileType = file.xib; path = MyCourseCellViewController.xib; sourceTree = "<group>"; };
		4A196083152F91BA009C5137 /* MyCourseContentViewController.h */ = {isa = PBXFileReference; fileEncoding = 4; lastKnownFileType = sourcecode.c.h; path = MyCourseContentViewController.h; sourceTree = "<group>"; };
		4A196084152F91BA009C5137 /* MyCourseContentViewController.m */ = {isa = PBXFileReference; fileEncoding = 4; lastKnownFileType = sourcecode.c.objc; path = MyCourseContentViewController.m; sourceTree = "<group>"; };
		4A196085152F91BA009C5137 /* MyCourseContentViewController.xib */ = {isa = PBXFileReference; fileEncoding = 4; lastKnownFileType = file.xib; path = MyCourseContentViewController.xib; sourceTree = "<group>"; };
		4A196088152FAF8E009C5137 /* MyCourseContent1ViewController.h */ = {isa = PBXFileReference; fileEncoding = 4; lastKnownFileType = sourcecode.c.h; path = MyCourseContent1ViewController.h; sourceTree = "<group>"; };
		4A196089152FAF8E009C5137 /* MyCourseContent1ViewController.m */ = {isa = PBXFileReference; fileEncoding = 4; lastKnownFileType = sourcecode.c.objc; path = MyCourseContent1ViewController.m; sourceTree = "<group>"; };
		4A19608A152FAF8E009C5137 /* MyCourseContent1ViewController.xib */ = {isa = PBXFileReference; fileEncoding = 4; lastKnownFileType = file.xib; path = MyCourseContent1ViewController.xib; sourceTree = "<group>"; };
		4A19608D152FAFB7009C5137 /* MyCourseContent2ViewController.h */ = {isa = PBXFileReference; fileEncoding = 4; lastKnownFileType = sourcecode.c.h; path = MyCourseContent2ViewController.h; sourceTree = "<group>"; };
		4A19608E152FAFB8009C5137 /* MyCourseContent2ViewController.m */ = {isa = PBXFileReference; fileEncoding = 4; lastKnownFileType = sourcecode.c.objc; path = MyCourseContent2ViewController.m; sourceTree = "<group>"; };
		4A19608F152FAFB9009C5137 /* MyCourseContent2ViewController.xib */ = {isa = PBXFileReference; fileEncoding = 4; lastKnownFileType = file.xib; path = MyCourseContent2ViewController.xib; sourceTree = "<group>"; };
		4A196092152FB123009C5137 /* camara.jpg */ = {isa = PBXFileReference; lastKnownFileType = image.jpeg; path = camara.jpg; sourceTree = "<group>"; };
		4A883C491534A588004BBAF7 /* MyCourseHisLisViewController.h */ = {isa = PBXFileReference; fileEncoding = 4; lastKnownFileType = sourcecode.c.h; path = MyCourseHisLisViewController.h; sourceTree = "<group>"; };
		4A883C4A1534A589004BBAF7 /* MyCourseHisLisViewController.m */ = {isa = PBXFileReference; fileEncoding = 4; lastKnownFileType = sourcecode.c.objc; path = MyCourseHisLisViewController.m; sourceTree = "<group>"; };
		4A883C4B1534A58A004BBAF7 /* MyCourseHisLisViewController.xib */ = {isa = PBXFileReference; fileEncoding = 4; lastKnownFileType = file.xib; path = MyCourseHisLisViewController.xib; sourceTree = "<group>"; };
		4A883C4F1534A59F004BBAF7 /* MyCourseHisGrafViewController.h */ = {isa = PBXFileReference; fileEncoding = 4; lastKnownFileType = sourcecode.c.h; path = MyCourseHisGrafViewController.h; sourceTree = "<group>"; };
		4A883C501534A5A0004BBAF7 /* MyCourseHisGrafViewController.m */ = {isa = PBXFileReference; fileEncoding = 4; lastKnownFileType = sourcecode.c.objc; path = MyCourseHisGrafViewController.m; sourceTree = "<group>"; };
		4A883C511534A5A1004BBAF7 /* MyCourseHisGrafViewController.xib */ = {isa = PBXFileReference; fileEncoding = 4; lastKnownFileType = file.xib; path = MyCourseHisGrafViewController.xib; sourceTree = "<group>"; };
		4A883C541534A618004BBAF7 /* grafica.jpeg */ = {isa = PBXFileReference; lastKnownFileType = image.jpeg; path = grafica.jpeg; sourceTree = "<group>"; };
		4A883C561534E13E004BBAF7 /* QLS009.jpg */ = {isa = PBXFileReference; lastKnownFileType = image.jpeg; path = QLS009.jpg; sourceTree = "<group>"; };
		4AA536E1152CFE81007933A1 /* page.png */ = {isa = PBXFileReference; lastKnownFileType = image.png; path = page.png; sourceTree = "<group>"; };
		4AA536E8152D011C007933A1 /* phone-icon.png */ = {isa = PBXFileReference; lastKnownFileType = image.png; path = "phone-icon.png"; sourceTree = "<group>"; };
		4AA536E9152D011C007933A1 /* comp-icon.png */ = {isa = PBXFileReference; lastKnownFileType = image.png; path = "comp-icon.png"; sourceTree = "<group>"; };
		4AA536EC152D03C5007933A1 /* QLS006.jpg */ = {isa = PBXFileReference; lastKnownFileType = image.jpeg; path = QLS006.jpg; sourceTree = "<group>"; };
		4AA536ED152D03C5007933A1 /* QLS004.jpg */ = {isa = PBXFileReference; lastKnownFileType = image.jpeg; path = QLS004.jpg; sourceTree = "<group>"; };
		4AA536EE152D03C5007933A1 /* QLS008.jpg */ = {isa = PBXFileReference; lastKnownFileType = image.jpeg; path = QLS008.jpg; sourceTree = "<group>"; };
		4AA536EF152D03C5007933A1 /* QLS003.jpg */ = {isa = PBXFileReference; lastKnownFileType = image.jpeg; path = QLS003.jpg; sourceTree = "<group>"; };
		4AA536F0152D03C6007933A1 /* QLS007.jpg */ = {isa = PBXFileReference; lastKnownFileType = image.jpeg; path = QLS007.jpg; sourceTree = "<group>"; };
		4AA536F1152D03C6007933A1 /* QLS002.jpg */ = {isa = PBXFileReference; lastKnownFileType = image.jpeg; path = QLS002.jpg; sourceTree = "<group>"; };
		4AA536F2152D03C6007933A1 /* QLS005.jpg */ = {isa = PBXFileReference; lastKnownFileType = image.jpeg; path = QLS005.jpg; sourceTree = "<group>"; };
		4AA536F3152D03C6007933A1 /* QLS001.jpg */ = {isa = PBXFileReference; lastKnownFileType = image.jpeg; path = QLS001.jpg; sourceTree = "<group>"; };
		4ACA529C15361A9100930428 /* ProfileViewController.h */ = {isa = PBXFileReference; fileEncoding = 4; lastKnownFileType = sourcecode.c.h; path = ProfileViewController.h; sourceTree = "<group>"; };
		4ACA529D15361A9100930428 /* ProfileViewController.m */ = {isa = PBXFileReference; fileEncoding = 4; lastKnownFileType = sourcecode.c.objc; path = ProfileViewController.m; sourceTree = "<group>"; };
		4ACA529E15361A9100930428 /* ProfileViewController.xib */ = {isa = PBXFileReference; fileEncoding = 4; lastKnownFileType = file.xib; path = ProfileViewController.xib; sourceTree = "<group>"; };
		4ACA52A215361E0000930428 /* Rostro.jpg */ = {isa = PBXFileReference; lastKnownFileType = image.jpeg; path = Rostro.jpg; sourceTree = "<group>"; };
		4ACA52A51536225500930428 /* PagosiPhoneViewController.h */ = {isa = PBXFileReference; fileEncoding = 4; lastKnownFileType = sourcecode.c.h; path = PagosiPhoneViewController.h; sourceTree = "<group>"; };
		4ACA52A61536225500930428 /* PagosiPhoneViewController.m */ = {isa = PBXFileReference; fileEncoding = 4; lastKnownFileType = sourcecode.c.objc; path = PagosiPhoneViewController.m; sourceTree = "<group>"; };
		4ACA52A71536225500930428 /* PagosiPhoneViewController.xib */ = {isa = PBXFileReference; fileEncoding = 4; lastKnownFileType = file.xib; path = PagosiPhoneViewController.xib; sourceTree = "<group>"; };
		4AEEB850152BBDF800FD51F1 /* QuickLearningService.h */ = {isa = PBXFileReference; fileEncoding = 4; lastKnownFileType = sourcecode.c.h; path = QuickLearningService.h; sourceTree = "<group>"; };
		4AEEB851152BBDF800FD51F1 /* QuickLearningService.m */ = {isa = PBXFileReference; fileEncoding = 4; lastKnownFileType = sourcecode.c.objc; path = QuickLearningService.m; sourceTree = "<group>"; };
		4AEEB853152BBFDD00FD51F1 /* analisis */ = {isa = PBXFileReference; fileEncoding = 4; lastKnownFileType = text; path = analisis; sourceTree = "<group>"; };
		4AEEB85D152CB4B500FD51F1 /* AudioToolbox.framework */ = {isa = PBXFileReference; lastKnownFileType = wrapper.framework; name = AudioToolbox.framework; path = System/Library/Frameworks/AudioToolbox.framework; sourceTree = SDKROOT; };
		4AEEB864152CB89700FD51F1 /* AVFoundation.framework */ = {isa = PBXFileReference; lastKnownFileType = wrapper.framework; name = AVFoundation.framework; path = System/Library/Frameworks/AVFoundation.framework; sourceTree = SDKROOT; };
		4AEEB866152CB8B000FD51F1 /* MediaPlayer.framework */ = {isa = PBXFileReference; lastKnownFileType = wrapper.framework; name = MediaPlayer.framework; path = System/Library/Frameworks/MediaPlayer.framework; sourceTree = SDKROOT; };
		4AEEB868152CBA2A00FD51F1 /* sound.caf */ = {isa = PBXFileReference; lastKnownFileType = file; path = sound.caf; sourceTree = "<group>"; };
		4AEEB86A152CBC0900FD51F1 /* bocina.png */ = {isa = PBXFileReference; lastKnownFileType = image.png; path = bocina.png; sourceTree = "<group>"; };
		4AEEB871152CC20000FD51F1 /* SchoolPinAnotation.h */ = {isa = PBXFileReference; fileEncoding = 4; lastKnownFileType = sourcecode.c.h; path = SchoolPinAnotation.h; sourceTree = "<group>"; };
		4AEEB872152CC20000FD51F1 /* SchoolPinAnotation.m */ = {isa = PBXFileReference; fileEncoding = 4; lastKnownFileType = sourcecode.c.objc; path = SchoolPinAnotation.m; sourceTree = "<group>"; };
/* End PBXFileReference section */

/* Begin PBXFrameworksBuildPhase section */
		4A16CDAE1529FAAC00DC0D68 /* Frameworks */ = {
			isa = PBXFrameworksBuildPhase;
			buildActionMask = 2147483647;
			files = (
				4A13ADE7152CE9A90054447D /* QuartzCore.framework in Frameworks */,
				4A13ADD7152CDF660054447D /* MapKit.framework in Frameworks */,
				4AEEB867152CB8B100FD51F1 /* MediaPlayer.framework in Frameworks */,
				4AEEB865152CB89700FD51F1 /* AVFoundation.framework in Frameworks */,
				4AEEB85E152CB4B600FD51F1 /* AudioToolbox.framework in Frameworks */,
				4A16CDB61529FAAC00DC0D68 /* UIKit.framework in Frameworks */,
				4A16CDB81529FAAC00DC0D68 /* Foundation.framework in Frameworks */,
				4A16CDBA1529FAAC00DC0D68 /* CoreGraphics.framework in Frameworks */,
			);
			runOnlyForDeploymentPostprocessing = 0;
		};
		4A16CDD11529FAAD00DC0D68 /* Frameworks */ = {
			isa = PBXFrameworksBuildPhase;
			buildActionMask = 2147483647;
			files = (
				4A16CDD71529FAAD00DC0D68 /* SenTestingKit.framework in Frameworks */,
				4A16CDD81529FAAD00DC0D68 /* UIKit.framework in Frameworks */,
				4A16CDD91529FAAD00DC0D68 /* Foundation.framework in Frameworks */,
			);
			runOnlyForDeploymentPostprocessing = 0;
		};
/* End PBXFrameworksBuildPhase section */

/* Begin PBXGroup section */
		4A16CDA61529FAAC00DC0D68 = {
			isa = PBXGroup;
			children = (
				4A13ADE6152CE9A90054447D /* QuartzCore.framework */,
				4A13ADD6152CDF660054447D /* MapKit.framework */,
				4AEEB866152CB8B000FD51F1 /* MediaPlayer.framework */,
				4AEEB864152CB89700FD51F1 /* AVFoundation.framework */,
				4AEEB85D152CB4B500FD51F1 /* AudioToolbox.framework */,
				4A16CDBB1529FAAC00DC0D68 /* QuickLearning */,
				4A16CDDC1529FAAD00DC0D68 /* QuickLearningTests */,
				4A16CDB41529FAAC00DC0D68 /* Frameworks */,
				4A16CDB21529FAAC00DC0D68 /* Products */,
			);
			sourceTree = "<group>";
		};
		4A16CDB21529FAAC00DC0D68 /* Products */ = {
			isa = PBXGroup;
			children = (
				4A16CDB11529FAAC00DC0D68 /* QuickLearning.app */,
				4A16CDD51529FAAD00DC0D68 /* QuickLearningTests.octest */,
			);
			name = Products;
			sourceTree = "<group>";
		};
		4A16CDB41529FAAC00DC0D68 /* Frameworks */ = {
			isa = PBXGroup;
			children = (
				4A16CDB51529FAAC00DC0D68 /* UIKit.framework */,
				4A16CDB71529FAAC00DC0D68 /* Foundation.framework */,
				4A16CDB91529FAAC00DC0D68 /* CoreGraphics.framework */,
				4A16CDD61529FAAD00DC0D68 /* SenTestingKit.framework */,
			);
			name = Frameworks;
			sourceTree = "<group>";
		};
		4A16CDBB1529FAAC00DC0D68 /* QuickLearning */ = {
			isa = PBXGroup;
			children = (
				4A16CDF1152A315D00DC0D68 /* iPad */,
				4A16CDF0152A315200DC0D68 /* iPhone */,
				4A16CDED152A30D600DC0D68 /* Recursos */,
				4A16CDC41529FAAC00DC0D68 /* AppDelegate.h */,
				4A16CDC51529FAAC00DC0D68 /* AppDelegate.m */,
				4A16CDC71529FAAC00DC0D68 /* ViewController.h */,
				4A16CDC81529FAAC00DC0D68 /* ViewController.m */,
				4A16CDBC1529FAAC00DC0D68 /* Supporting Files */,
			);
			path = QuickLearning;
			sourceTree = "<group>";
		};
		4A16CDBC1529FAAC00DC0D68 /* Supporting Files */ = {
			isa = PBXGroup;
			children = (
				4A16CDBD1529FAAC00DC0D68 /* QuickLearning-Info.plist */,
				4A16CDBE1529FAAC00DC0D68 /* InfoPlist.strings */,
				4A16CDC11529FAAC00DC0D68 /* main.m */,
				4A16CDC31529FAAC00DC0D68 /* QuickLearning-Prefix.pch */,
			);
			name = "Supporting Files";
			sourceTree = "<group>";
		};
		4A16CDDC1529FAAD00DC0D68 /* QuickLearningTests */ = {
			isa = PBXGroup;
			children = (
				4A16CDE21529FAAD00DC0D68 /* QuickLearningTests.h */,
				4A16CDE31529FAAD00DC0D68 /* QuickLearningTests.m */,
				4A16CDDD1529FAAD00DC0D68 /* Supporting Files */,
			);
			path = QuickLearningTests;
			sourceTree = "<group>";
		};
		4A16CDDD1529FAAD00DC0D68 /* Supporting Files */ = {
			isa = PBXGroup;
			children = (
				4A16CDDE1529FAAD00DC0D68 /* QuickLearningTests-Info.plist */,
				4A16CDDF1529FAAD00DC0D68 /* InfoPlist.strings */,
			);
			name = "Supporting Files";
			sourceTree = "<group>";
		};
		4A16CDED152A30D600DC0D68 /* Recursos */ = {
			isa = PBXGroup;
			children = (
				4A0CA9EE153630AB00F04266 /* radar.png */,
				4ACA52A215361E0000930428 /* Rostro.jpg */,
				4A883C561534E13E004BBAF7 /* QLS009.jpg */,
				4A883C541534A618004BBAF7 /* grafica.jpeg */,
				4A196092152FB123009C5137 /* camara.jpg */,
				4AA536EC152D03C5007933A1 /* QLS006.jpg */,
				4AA536ED152D03C5007933A1 /* QLS004.jpg */,
				4AA536EE152D03C5007933A1 /* QLS008.jpg */,
				4AA536EF152D03C5007933A1 /* QLS003.jpg */,
				4AA536F0152D03C6007933A1 /* QLS007.jpg */,
				4AA536F1152D03C6007933A1 /* QLS002.jpg */,
				4AA536F2152D03C6007933A1 /* QLS005.jpg */,
				4AA536F3152D03C6007933A1 /* QLS001.jpg */,
				4AA536E8152D011C007933A1 /* phone-icon.png */,
				4AA536E9152D011C007933A1 /* comp-icon.png */,
				4AA536E1152CFE81007933A1 /* page.png */,
				4A13ADE3152CE9860054447D /* iCarousel.h */,
				4A13ADE4152CE9860054447D /* iCarousel.m */,
				4A13ADD9152CE3040054447D /* pinQ.png */,
				4AEEB86A152CBC0900FD51F1 /* bocina.png */,
				4AEEB868152CBA2A00FD51F1 /* sound.caf */,
				4A16CE2E152AABF800DC0D68 /* logoqlnav.png */,
				4A16CDEE152A30F100DC0D68 /* logoql.png */,
				4AEEB850152BBDF800FD51F1 /* QuickLearningService.h */,
				4AEEB851152BBDF800FD51F1 /* QuickLearningService.m */,
				4AEEB853152BBFDD00FD51F1 /* analisis */,
			);
			name = Recursos;
			sourceTree = "<group>";
		};
		4A16CDF0152A315200DC0D68 /* iPhone */ = {
			isa = PBXGroup;
			children = (
				4A16CDFC152A35EE00DC0D68 /* Controller */,
				4A16CDFB152A35D300DC0D68 /* View */,
			);
			name = iPhone;
			sourceTree = "<group>";
		};
		4A16CDF1152A315D00DC0D68 /* iPad */ = {
			isa = PBXGroup;
			children = (
				4A16CDFE152A36CB00DC0D68 /* View */,
				4A16CDFD152A36C100DC0D68 /* Controller */,
			);
			name = iPad;
			sourceTree = "<group>";
		};
		4A16CDFB152A35D300DC0D68 /* View */ = {
			isa = PBXGroup;
			children = (
				4A16CE19152A53D800DC0D68 /* MyCourse */,
				4A16CE18152A53D600DC0D68 /* Schools */,
				4A16CE17152A53D400DC0D68 /* Main */,
				4A16CE16152A53D200DC0D68 /* Color */,
				4A16CE11152A4E9900DC0D68 /* Home */,
				4A16CE10152A4E8D00DC0D68 /* Login */,
				4A16CDCA1529FAAD00DC0D68 /* ViewController_iPhone.xib */,
			);
			name = View;
			sourceTree = "<group>";
		};
		4A16CDFC152A35EE00DC0D68 /* Controller */ = {
			isa = PBXGroup;
			children = (
				4A16CE15152A536E00DC0D68 /* MyCourse */,
				4A16CE14152A536A00DC0D68 /* Schools */,
				4A16CE13152A536600DC0D68 /* Main */,
				4A16CE12152A536200DC0D68 /* Color */,
				4A16CE0F152A4E6900DC0D68 /* Home */,
				4A16CE0E152A4E5C00DC0D68 /* Login */,
			);
			name = Controller;
			sourceTree = "<group>";
		};
		4A16CDFD152A36C100DC0D68 /* Controller */ = {
			isa = PBXGroup;
			children = (
				4A16CDFF152A36F400DC0D68 /* LoginiPadViewController.h */,
				4A16CE00152A36F400DC0D68 /* LoginiPadViewController.m */,
			);
			name = Controller;
			sourceTree = "<group>";
		};
		4A16CDFE152A36CB00DC0D68 /* View */ = {
			isa = PBXGroup;
			children = (
				4A16CDCD1529FAAD00DC0D68 /* ViewController_iPad.xib */,
				4A16CE01152A36F400DC0D68 /* LoginiPadViewController.xib */,
			);
			name = View;
			sourceTree = "<group>";
		};
		4A16CE0E152A4E5C00DC0D68 /* Login */ = {
			isa = PBXGroup;
			children = (
				4A16CDF6152A35C300DC0D68 /* LoginiPhoneViewController.h */,
				4A16CDF7152A35C300DC0D68 /* LoginiPhoneViewController.m */,
			);
			name = Login;
			sourceTree = "<group>";
		};
		4A16CE0F152A4E6900DC0D68 /* Home */ = {
			isa = PBXGroup;
			children = (
				4A16CE09152A4CCA00DC0D68 /* HomeiPhoneViewController.h */,
				4A16CE0A152A4CCA00DC0D68 /* HomeiPhoneViewController.m */,
			);
			name = Home;
			sourceTree = "<group>";
		};
		4A16CE10152A4E8D00DC0D68 /* Login */ = {
			isa = PBXGroup;
			children = (
				4A16CDF8152A35C300DC0D68 /* LoginiPhoneViewController.xib */,
			);
			name = Login;
			sourceTree = "<group>";
		};
		4A16CE11152A4E9900DC0D68 /* Home */ = {
			isa = PBXGroup;
			children = (
				4A16CE0B152A4CCA00DC0D68 /* HomeiPhoneViewController.xib */,
			);
			name = Home;
			sourceTree = "<group>";
		};
		4A16CE12152A536200DC0D68 /* Color */ = {
			isa = PBXGroup;
			children = (
				4A16CE1A152A541E00DC0D68 /* ColoriPhoneViewController.h */,
				4A16CE1B152A541E00DC0D68 /* ColoriPhoneViewController.m */,
				4A16CE4E152B7F9400DC0D68 /* ParentColoriPhoneViewController.h */,
				4A16CE4F152B7F9500DC0D68 /* ParentColoriPhoneViewController.m */,
			);
			name = Color;
			sourceTree = "<group>";
		};
		4A16CE13152A536600DC0D68 /* Main */ = {
			isa = PBXGroup;
			children = (
				4ACA52A41536223200930428 /* Pagos */,
				4ACA529B15361A7500930428 /* Profile */,
				4A16CE24152A544600DC0D68 /* MainiPhoneViewController.h */,
				4A16CE25152A544700DC0D68 /* MainiPhoneViewController.m */,
				4A16CE49152B7F8400DC0D68 /* ParentMainiPhoneViewController.h */,
				4A16CE4A152B7F8400DC0D68 /* ParentMainiPhoneViewController.m */,
			);
			name = Main;
			sourceTree = "<group>";
		};
		4A16CE14152A536A00DC0D68 /* Schools */ = {
			isa = PBXGroup;
			children = (
				4A16CE29152A546000DC0D68 /* SchoolsiPhoneViewController.h */,
				4A16CE2A152A546000DC0D68 /* SchoolsiPhoneViewController.m */,
				4A16CE44152B7F5E00DC0D68 /* ParentSchoolsiPhoneViewController.h */,
				4A16CE45152B7F5E00DC0D68 /* ParentSchoolsiPhoneViewController.m */,
				4AEEB871152CC20000FD51F1 /* SchoolPinAnotation.h */,
				4AEEB872152CC20000FD51F1 /* SchoolPinAnotation.m */,
			);
			name = Schools;
			sourceTree = "<group>";
		};
		4A16CE15152A536E00DC0D68 /* MyCourse */ = {
			isa = PBXGroup;
			children = (
				4ACA529915361A1E00930428 /* Avance */,
				4ACA5292153609D300930428 /* Historial */,
				4A16CE35152AB8F300DC0D68 /* MyCourseiPhoneViewController.h */,
				4A16CE36152AB8F300DC0D68 /* MyCourseiPhoneViewController.m */,
				4A16CE3F152B7F4000DC0D68 /* ParentMyCourseiPhoneViewController.h */,
				4A16CE40152B7F4000DC0D68 /* ParentMyCourseiPhoneViewController.m */,
				4A19607D152F7BA9009C5137 /* MyCourseCellViewController.h */,
				4A19607E152F7BA9009C5137 /* MyCourseCellViewController.m */,
			);
			name = MyCourse;
			sourceTree = "<group>";
		};
		4A16CE16152A53D200DC0D68 /* Color */ = {
			isa = PBXGroup;
			children = (
				4A16CE50152B7F9500DC0D68 /* ParentColoriPhoneViewController.xib */,
				4A16CE1C152A541F00DC0D68 /* ColoriPhoneViewController.xib */,
			);
			name = Color;
			sourceTree = "<group>";
		};
		4A16CE17152A53D400DC0D68 /* Main */ = {
			isa = PBXGroup;
			children = (
				4ACA52AA1536225C00930428 /* Pagos */,
				4ACA52A115361A9900930428 /* Profile */,
				4A16CE4B152B7F8400DC0D68 /* ParentMainiPhoneViewController.xib */,
				4A16CE26152A544800DC0D68 /* MainiPhoneViewController.xib */,
			);
			name = Main;
			sourceTree = "<group>";
		};
		4A16CE18152A53D600DC0D68 /* Schools */ = {
			isa = PBXGroup;
			children = (
				4A16CE46152B7F5E00DC0D68 /* ParentSchoolsiPhoneViewController.xib */,
				4A16CE2B152A546000DC0D68 /* SchoolsiPhoneViewController.xib */,
			);
			name = Schools;
			sourceTree = "<group>";
		};
		4A16CE19152A53D800DC0D68 /* MyCourse */ = {
			isa = PBXGroup;
			children = (
				4ACA529A15361A4300930428 /* Avance */,
				4ACA529415360A0700930428 /* Historial */,
				4A16CE41152B7F4100DC0D68 /* ParentMyCourseiPhoneViewController.xib */,
				4A16CE37152AB8F400DC0D68 /* MyCourseiPhoneViewController.xib */,
				4A19607F152F7BA9009C5137 /* MyCourseCellViewController.xib */,
			);
			name = MyCourse;
			sourceTree = "<group>";
		};
		4ACA5292153609D300930428 /* Historial */ = {
			isa = PBXGroup;
			children = (
				4A883C491534A588004BBAF7 /* MyCourseHisLisViewController.h */,
				4A883C4A1534A589004BBAF7 /* MyCourseHisLisViewController.m */,
				4A883C4F1534A59F004BBAF7 /* MyCourseHisGrafViewController.h */,
				4A883C501534A5A0004BBAF7 /* MyCourseHisGrafViewController.m */,
			);
			name = Historial;
			sourceTree = "<group>";
		};
		4ACA529415360A0700930428 /* Historial */ = {
			isa = PBXGroup;
			children = (
				4A883C511534A5A1004BBAF7 /* MyCourseHisGrafViewController.xib */,
				4A883C4B1534A58A004BBAF7 /* MyCourseHisLisViewController.xib */,
			);
			name = Historial;
			sourceTree = "<group>";
		};
		4ACA529915361A1E00930428 /* Avance */ = {
			isa = PBXGroup;
			children = (
				4A196083152F91BA009C5137 /* MyCourseContentViewController.h */,
				4A196084152F91BA009C5137 /* MyCourseContentViewController.m */,
				4A196088152FAF8E009C5137 /* MyCourseContent1ViewController.h */,
				4A196089152FAF8E009C5137 /* MyCourseContent1ViewController.m */,
				4A19608D152FAFB7009C5137 /* MyCourseContent2ViewController.h */,
				4A19608E152FAFB8009C5137 /* MyCourseContent2ViewController.m */,
			);
			name = Avance;
			sourceTree = "<group>";
		};
		4ACA529A15361A4300930428 /* Avance */ = {
			isa = PBXGroup;
			children = (
				4A19608F152FAFB9009C5137 /* MyCourseContent2ViewController.xib */,
				4A19608A152FAF8E009C5137 /* MyCourseContent1ViewController.xib */,
				4A196085152F91BA009C5137 /* MyCourseContentViewController.xib */,
			);
			name = Avance;
			sourceTree = "<group>";
		};
		4ACA529B15361A7500930428 /* Profile */ = {
			isa = PBXGroup;
			children = (
				4ACA529C15361A9100930428 /* ProfileViewController.h */,
				4ACA529D15361A9100930428 /* ProfileViewController.m */,
			);
			name = Profile;
			sourceTree = "<group>";
		};
		4ACA52A115361A9900930428 /* Profile */ = {
			isa = PBXGroup;
			children = (
				4ACA529E15361A9100930428 /* ProfileViewController.xib */,
			);
			name = Profile;
			sourceTree = "<group>";
		};
		4ACA52A41536223200930428 /* Pagos */ = {
			isa = PBXGroup;
			children = (
				4ACA52A51536225500930428 /* PagosiPhoneViewController.h */,
				4ACA52A61536225500930428 /* PagosiPhoneViewController.m */,
			);
			name = Pagos;
			sourceTree = "<group>";
		};
		4ACA52AA1536225C00930428 /* Pagos */ = {
			isa = PBXGroup;
			children = (
				4ACA52A71536225500930428 /* PagosiPhoneViewController.xib */,
			);
			name = Pagos;
			sourceTree = "<group>";
		};
/* End PBXGroup section */

/* Begin PBXNativeTarget section */
		4A16CDB01529FAAC00DC0D68 /* QuickLearning */ = {
			isa = PBXNativeTarget;
			buildConfigurationList = 4A16CDE71529FAAD00DC0D68 /* Build configuration list for PBXNativeTarget "QuickLearning" */;
			buildPhases = (
				4A16CDAD1529FAAC00DC0D68 /* Sources */,
				4A16CDAE1529FAAC00DC0D68 /* Frameworks */,
				4A16CDAF1529FAAC00DC0D68 /* Resources */,
			);
			buildRules = (
			);
			dependencies = (
			);
			name = QuickLearning;
			productName = QuickLearning;
			productReference = 4A16CDB11529FAAC00DC0D68 /* QuickLearning.app */;
			productType = "com.apple.product-type.application";
		};
		4A16CDD41529FAAD00DC0D68 /* QuickLearningTests */ = {
			isa = PBXNativeTarget;
			buildConfigurationList = 4A16CDEA1529FAAD00DC0D68 /* Build configuration list for PBXNativeTarget "QuickLearningTests" */;
			buildPhases = (
				4A16CDD01529FAAD00DC0D68 /* Sources */,
				4A16CDD11529FAAD00DC0D68 /* Frameworks */,
				4A16CDD21529FAAD00DC0D68 /* Resources */,
				4A16CDD31529FAAD00DC0D68 /* ShellScript */,
			);
			buildRules = (
			);
			dependencies = (
				4A16CDDB1529FAAD00DC0D68 /* PBXTargetDependency */,
			);
			name = QuickLearningTests;
			productName = QuickLearningTests;
			productReference = 4A16CDD51529FAAD00DC0D68 /* QuickLearningTests.octest */;
			productType = "com.apple.product-type.bundle";
		};
/* End PBXNativeTarget section */

/* Begin PBXProject section */
		4A16CDA81529FAAC00DC0D68 /* Project object */ = {
			isa = PBXProject;
			attributes = {
				LastUpgradeCheck = 0420;
				ORGANIZATIONNAME = "Valle del Bit";
			};
			buildConfigurationList = 4A16CDAB1529FAAC00DC0D68 /* Build configuration list for PBXProject "QuickLearning" */;
			compatibilityVersion = "Xcode 3.2";
			developmentRegion = English;
			hasScannedForEncodings = 0;
			knownRegions = (
				en,
			);
			mainGroup = 4A16CDA61529FAAC00DC0D68;
			productRefGroup = 4A16CDB21529FAAC00DC0D68 /* Products */;
			projectDirPath = "";
			projectRoot = "";
			targets = (
				4A16CDB01529FAAC00DC0D68 /* QuickLearning */,
				4A16CDD41529FAAD00DC0D68 /* QuickLearningTests */,
			);
		};
/* End PBXProject section */

/* Begin PBXResourcesBuildPhase section */
		4A16CDAF1529FAAC00DC0D68 /* Resources */ = {
			isa = PBXResourcesBuildPhase;
			buildActionMask = 2147483647;
			files = (
				4A16CDC01529FAAC00DC0D68 /* InfoPlist.strings in Resources */,
				4A16CDCC1529FAAD00DC0D68 /* ViewController_iPhone.xib in Resources */,
				4A16CDCF1529FAAD00DC0D68 /* ViewController_iPad.xib in Resources */,
				4A16CDEF152A30F100DC0D68 /* logoql.png in Resources */,
				4A16CDFA152A35C300DC0D68 /* LoginiPhoneViewController.xib in Resources */,
				4A16CE03152A36F400DC0D68 /* LoginiPadViewController.xib in Resources */,
				4A16CE0D152A4CCB00DC0D68 /* HomeiPhoneViewController.xib in Resources */,
				4A16CE1E152A541F00DC0D68 /* ColoriPhoneViewController.xib in Resources */,
				4A16CE28152A544800DC0D68 /* MainiPhoneViewController.xib in Resources */,
				4A16CE2D152A546100DC0D68 /* SchoolsiPhoneViewController.xib in Resources */,
				4A16CE2F152AABF800DC0D68 /* logoqlnav.png in Resources */,
				4A16CE39152AB8F400DC0D68 /* MyCourseiPhoneViewController.xib in Resources */,
				4A16CE43152B7F4200DC0D68 /* ParentMyCourseiPhoneViewController.xib in Resources */,
				4A16CE48152B7F5E00DC0D68 /* ParentSchoolsiPhoneViewController.xib in Resources */,
				4A16CE4D152B7F8400DC0D68 /* ParentMainiPhoneViewController.xib in Resources */,
				4A16CE52152B7F9500DC0D68 /* ParentColoriPhoneViewController.xib in Resources */,
				4AEEB854152BBFDD00FD51F1 /* analisis in Resources */,
				4AEEB869152CBA2A00FD51F1 /* sound.caf in Resources */,
				4AEEB86B152CBC0900FD51F1 /* bocina.png in Resources */,
				4A13ADDA152CE3040054447D /* pinQ.png in Resources */,
				4AA536E2152CFE81007933A1 /* page.png in Resources */,
				4AA536EA152D011D007933A1 /* phone-icon.png in Resources */,
				4AA536EB152D011D007933A1 /* comp-icon.png in Resources */,
				4AA536F4152D03C7007933A1 /* QLS006.jpg in Resources */,
				4AA536F5152D03C7007933A1 /* QLS004.jpg in Resources */,
				4AA536F6152D03C7007933A1 /* QLS008.jpg in Resources */,
				4AA536F7152D03C7007933A1 /* QLS003.jpg in Resources */,
				4AA536F8152D03C7007933A1 /* QLS007.jpg in Resources */,
				4AA536F9152D03C7007933A1 /* QLS002.jpg in Resources */,
				4AA536FA152D03C7007933A1 /* QLS005.jpg in Resources */,
				4AA536FB152D03C7007933A1 /* QLS001.jpg in Resources */,
				4A196081152F7BA9009C5137 /* MyCourseCellViewController.xib in Resources */,
				4A196087152F91BB009C5137 /* MyCourseContentViewController.xib in Resources */,
				4A19608C152FAF8E009C5137 /* MyCourseContent1ViewController.xib in Resources */,
				4A196091152FAFBA009C5137 /* MyCourseContent2ViewController.xib in Resources */,
				4A196093152FB123009C5137 /* camara.jpg in Resources */,
				4A883C4D1534A58A004BBAF7 /* MyCourseHisLisViewController.xib in Resources */,
				4A883C531534A5A2004BBAF7 /* MyCourseHisGrafViewController.xib in Resources */,
				4A883C551534A618004BBAF7 /* grafica.jpeg in Resources */,
				4A883C571534E13E004BBAF7 /* QLS009.jpg in Resources */,
				4ACA52A015361A9100930428 /* ProfileViewController.xib in Resources */,
				4ACA52A315361E0000930428 /* Rostro.jpg in Resources */,
				4ACA52A91536225500930428 /* PagosiPhoneViewController.xib in Resources */,
				4A0CA9EF153630AC00F04266 /* radar.png in Resources */,
			);
			runOnlyForDeploymentPostprocessing = 0;
		};
		4A16CDD21529FAAD00DC0D68 /* Resources */ = {
			isa = PBXResourcesBuildPhase;
			buildActionMask = 2147483647;
			files = (
				4A16CDE11529FAAD00DC0D68 /* InfoPlist.strings in Resources */,
			);
			runOnlyForDeploymentPostprocessing = 0;
		};
/* End PBXResourcesBuildPhase section */

/* Begin PBXShellScriptBuildPhase section */
		4A16CDD31529FAAD00DC0D68 /* ShellScript */ = {
			isa = PBXShellScriptBuildPhase;
			buildActionMask = 2147483647;
			files = (
			);
			inputPaths = (
			);
			outputPaths = (
			);
			runOnlyForDeploymentPostprocessing = 0;
			shellPath = /bin/sh;
			shellScript = "# Run the unit tests in this test bundle.\n\"${SYSTEM_DEVELOPER_DIR}/Tools/RunUnitTests\"\n";
		};
/* End PBXShellScriptBuildPhase section */

/* Begin PBXSourcesBuildPhase section */
		4A16CDAD1529FAAC00DC0D68 /* Sources */ = {
			isa = PBXSourcesBuildPhase;
			buildActionMask = 2147483647;
			files = (
				4A16CDC21529FAAC00DC0D68 /* main.m in Sources */,
				4A16CDC61529FAAC00DC0D68 /* AppDelegate.m in Sources */,
				4A16CDC91529FAAC00DC0D68 /* ViewController.m in Sources */,
				4A16CDF9152A35C300DC0D68 /* LoginiPhoneViewController.m in Sources */,
				4A16CE02152A36F400DC0D68 /* LoginiPadViewController.m in Sources */,
				4A16CE0C152A4CCB00DC0D68 /* HomeiPhoneViewController.m in Sources */,
				4A16CE1D152A541F00DC0D68 /* ColoriPhoneViewController.m in Sources */,
				4A16CE27152A544800DC0D68 /* MainiPhoneViewController.m in Sources */,
				4A16CE2C152A546100DC0D68 /* SchoolsiPhoneViewController.m in Sources */,
				4A16CE38152AB8F400DC0D68 /* MyCourseiPhoneViewController.m in Sources */,
				4A16CE42152B7F4200DC0D68 /* ParentMyCourseiPhoneViewController.m in Sources */,
				4A16CE47152B7F5E00DC0D68 /* ParentSchoolsiPhoneViewController.m in Sources */,
				4A16CE4C152B7F8400DC0D68 /* ParentMainiPhoneViewController.m in Sources */,
				4A16CE51152B7F9500DC0D68 /* ParentColoriPhoneViewController.m in Sources */,
				4AEEB852152BBDF800FD51F1 /* QuickLearningService.m in Sources */,
				4AEEB873152CC20000FD51F1 /* SchoolPinAnotation.m in Sources */,
				4A13ADE5152CE9870054447D /* iCarousel.m in Sources */,
				4A196080152F7BA9009C5137 /* MyCourseCellViewController.m in Sources */,
				4A196086152F91BB009C5137 /* MyCourseContentViewController.m in Sources */,
				4A19608B152FAF8E009C5137 /* MyCourseContent1ViewController.m in Sources */,
				4A196090152FAFBA009C5137 /* MyCourseContent2ViewController.m in Sources */,
				4A883C4C1534A58A004BBAF7 /* MyCourseHisLisViewController.m in Sources */,
				4A883C521534A5A2004BBAF7 /* MyCourseHisGrafViewController.m in Sources */,
				4ACA529F15361A9100930428 /* ProfileViewController.m in Sources */,
				4ACA52A81536225500930428 /* PagosiPhoneViewController.m in Sources */,
			);
			runOnlyForDeploymentPostprocessing = 0;
		};
		4A16CDD01529FAAD00DC0D68 /* Sources */ = {
			isa = PBXSourcesBuildPhase;
			buildActionMask = 2147483647;
			files = (
				4A16CDE41529FAAD00DC0D68 /* QuickLearningTests.m in Sources */,
			);
			runOnlyForDeploymentPostprocessing = 0;
		};
/* End PBXSourcesBuildPhase section */

/* Begin PBXTargetDependency section */
		4A16CDDB1529FAAD00DC0D68 /* PBXTargetDependency */ = {
			isa = PBXTargetDependency;
			target = 4A16CDB01529FAAC00DC0D68 /* QuickLearning */;
			targetProxy = 4A16CDDA1529FAAD00DC0D68 /* PBXContainerItemProxy */;
		};
/* End PBXTargetDependency section */

/* Begin PBXVariantGroup section */
		4A16CDBE1529FAAC00DC0D68 /* InfoPlist.strings */ = {
			isa = PBXVariantGroup;
			children = (
				4A16CDBF1529FAAC00DC0D68 /* en */,
			);
			name = InfoPlist.strings;
			sourceTree = "<group>";
		};
		4A16CDCA1529FAAD00DC0D68 /* ViewController_iPhone.xib */ = {
			isa = PBXVariantGroup;
			children = (
				4A16CDCB1529FAAD00DC0D68 /* en */,
			);
			name = ViewController_iPhone.xib;
			sourceTree = "<group>";
		};
		4A16CDCD1529FAAD00DC0D68 /* ViewController_iPad.xib */ = {
			isa = PBXVariantGroup;
			children = (
				4A16CDCE1529FAAD00DC0D68 /* en */,
			);
			name = ViewController_iPad.xib;
			sourceTree = "<group>";
		};
		4A16CDDF1529FAAD00DC0D68 /* InfoPlist.strings */ = {
			isa = PBXVariantGroup;
			children = (
				4A16CDE01529FAAD00DC0D68 /* en */,
			);
			name = InfoPlist.strings;
			sourceTree = "<group>";
		};
/* End PBXVariantGroup section */

/* Begin XCBuildConfiguration section */
		4A16CDE51529FAAD00DC0D68 /* Debug */ = {
			isa = XCBuildConfiguration;
			buildSettings = {
				ALWAYS_SEARCH_USER_PATHS = NO;
				ARCHS = "$(ARCHS_STANDARD_32_BIT)";
				CLANG_ENABLE_OBJC_ARC = YES;
				"CODE_SIGN_IDENTITY[sdk=iphoneos*]" = "iPhone Developer";
				COPY_PHASE_STRIP = NO;
				GCC_C_LANGUAGE_STANDARD = gnu99;
				GCC_DYNAMIC_NO_PIC = NO;
				GCC_OPTIMIZATION_LEVEL = 0;
				GCC_PREPROCESSOR_DEFINITIONS = (
					"DEBUG=1",
					"$(inherited)",
				);
				GCC_SYMBOLS_PRIVATE_EXTERN = NO;
				GCC_VERSION = com.apple.compilers.llvm.clang.1_0;
				GCC_WARN_ABOUT_MISSING_PROTOTYPES = YES;
				GCC_WARN_ABOUT_RETURN_TYPE = YES;
				GCC_WARN_UNUSED_VARIABLE = YES;
				IPHONEOS_DEPLOYMENT_TARGET = 5.0;
				SDKROOT = iphoneos;
				TARGETED_DEVICE_FAMILY = "1,2";
			};
			name = Debug;
		};
		4A16CDE61529FAAD00DC0D68 /* Release */ = {
			isa = XCBuildConfiguration;
			buildSettings = {
				ALWAYS_SEARCH_USER_PATHS = NO;
				ARCHS = "$(ARCHS_STANDARD_32_BIT)";
				CLANG_ENABLE_OBJC_ARC = YES;
				"CODE_SIGN_IDENTITY[sdk=iphoneos*]" = "iPhone Developer";
				COPY_PHASE_STRIP = YES;
				GCC_C_LANGUAGE_STANDARD = gnu99;
				GCC_VERSION = com.apple.compilers.llvm.clang.1_0;
				GCC_WARN_ABOUT_MISSING_PROTOTYPES = YES;
				GCC_WARN_ABOUT_RETURN_TYPE = YES;
				GCC_WARN_UNUSED_VARIABLE = YES;
				IPHONEOS_DEPLOYMENT_TARGET = 5.0;
				OTHER_CFLAGS = "-DNS_BLOCK_ASSERTIONS=1";
				SDKROOT = iphoneos;
				TARGETED_DEVICE_FAMILY = "1,2";
				VALIDATE_PRODUCT = YES;
			};
			name = Release;
		};
		4A16CDE81529FAAD00DC0D68 /* Debug */ = {
			isa = XCBuildConfiguration;
			buildSettings = {
				GCC_PRECOMPILE_PREFIX_HEADER = YES;
				GCC_PREFIX_HEADER = "QuickLearning/QuickLearning-Prefix.pch";
				INFOPLIST_FILE = "QuickLearning/QuickLearning-Info.plist";
				PRODUCT_NAME = "$(TARGET_NAME)";
				WRAPPER_EXTENSION = app;
			};
			name = Debug;
		};
		4A16CDE91529FAAD00DC0D68 /* Release */ = {
			isa = XCBuildConfiguration;
			buildSettings = {
				GCC_PRECOMPILE_PREFIX_HEADER = YES;
				GCC_PREFIX_HEADER = "QuickLearning/QuickLearning-Prefix.pch";
				INFOPLIST_FILE = "QuickLearning/QuickLearning-Info.plist";
				PRODUCT_NAME = "$(TARGET_NAME)";
				WRAPPER_EXTENSION = app;
			};
			name = Release;
		};
		4A16CDEB1529FAAD00DC0D68 /* Debug */ = {
			isa = XCBuildConfiguration;
			buildSettings = {
				BUNDLE_LOADER = "$(BUILT_PRODUCTS_DIR)/QuickLearning.app/QuickLearning";
				FRAMEWORK_SEARCH_PATHS = (
					"$(SDKROOT)/Developer/Library/Frameworks",
					"$(DEVELOPER_LIBRARY_DIR)/Frameworks",
				);
				GCC_PRECOMPILE_PREFIX_HEADER = YES;
				GCC_PREFIX_HEADER = "QuickLearning/QuickLearning-Prefix.pch";
				INFOPLIST_FILE = "QuickLearningTests/QuickLearningTests-Info.plist";
				PRODUCT_NAME = "$(TARGET_NAME)";
				TEST_HOST = "$(BUNDLE_LOADER)";
				WRAPPER_EXTENSION = octest;
			};
			name = Debug;
		};
		4A16CDEC1529FAAD00DC0D68 /* Release */ = {
			isa = XCBuildConfiguration;
			buildSettings = {
				BUNDLE_LOADER = "$(BUILT_PRODUCTS_DIR)/QuickLearning.app/QuickLearning";
				FRAMEWORK_SEARCH_PATHS = (
					"$(SDKROOT)/Developer/Library/Frameworks",
					"$(DEVELOPER_LIBRARY_DIR)/Frameworks",
				);
				GCC_PRECOMPILE_PREFIX_HEADER = YES;
				GCC_PREFIX_HEADER = "QuickLearning/QuickLearning-Prefix.pch";
				INFOPLIST_FILE = "QuickLearningTests/QuickLearningTests-Info.plist";
				PRODUCT_NAME = "$(TARGET_NAME)";
				TEST_HOST = "$(BUNDLE_LOADER)";
				WRAPPER_EXTENSION = octest;
			};
			name = Release;
		};
/* End XCBuildConfiguration section */

/* Begin XCConfigurationList section */
		4A16CDAB1529FAAC00DC0D68 /* Build configuration list for PBXProject "QuickLearning" */ = {
			isa = XCConfigurationList;
			buildConfigurations = (
				4A16CDE51529FAAD00DC0D68 /* Debug */,
				4A16CDE61529FAAD00DC0D68 /* Release */,
			);
			defaultConfigurationIsVisible = 0;
			defaultConfigurationName = Release;
		};
		4A16CDE71529FAAD00DC0D68 /* Build configuration list for PBXNativeTarget "QuickLearning" */ = {
			isa = XCConfigurationList;
			buildConfigurations = (
				4A16CDE81529FAAD00DC0D68 /* Debug */,
				4A16CDE91529FAAD00DC0D68 /* Release */,
			);
			defaultConfigurationIsVisible = 0;
			defaultConfigurationName = Release;
		};
		4A16CDEA1529FAAD00DC0D68 /* Build configuration list for PBXNativeTarget "QuickLearningTests" */ = {
			isa = XCConfigurationList;
			buildConfigurations = (
				4A16CDEB1529FAAD00DC0D68 /* Debug */,
				4A16CDEC1529FAAD00DC0D68 /* Release */,
			);
			defaultConfigurationIsVisible = 0;
			defaultConfigurationName = Release;
		};
/* End XCConfigurationList section */
	};
	rootObject = 4A16CDA81529FAAC00DC0D68 /* Project object */;
}
